// !$*UTF8*$!
{
	archiveVersion = 1;
	classes = {
	};
	objectVersion = 55;
	objects = {

/* Begin PBXBuildFile section */
		B4524E4F275A497000012E3E /* CreateAccountViewController.swift in Sources */ = {isa = PBXBuildFile; fileRef = B4524E4E275A497000012E3E /* CreateAccountViewController.swift */; };
		B4524E51275BA0AD00012E3E /* PersonalDetailsViewController.swift in Sources */ = {isa = PBXBuildFile; fileRef = B4524E50275BA0AD00012E3E /* PersonalDetailsViewController.swift */; };
		B4524E54275CB17B00012E3E /* SignInViewController.swift in Sources */ = {isa = PBXBuildFile; fileRef = B4524E53275CB17B00012E3E /* SignInViewController.swift */; };
		B4524E5C275F5A5500012E3E /* Extensions.swift in Sources */ = {isa = PBXBuildFile; fileRef = B4524E5B275F5A5500012E3E /* Extensions.swift */; };
		B4524E5F275FEDDC00012E3E /* PickerView.swift in Sources */ = {isa = PBXBuildFile; fileRef = B4524E5E275FEDDC00012E3E /* PickerView.swift */; };
		B472D58627566C7E00C3B39A /* AppDelegate.swift in Sources */ = {isa = PBXBuildFile; fileRef = B472D58527566C7E00C3B39A /* AppDelegate.swift */; };
		B472D58827566C7E00C3B39A /* SceneDelegate.swift in Sources */ = {isa = PBXBuildFile; fileRef = B472D58727566C7E00C3B39A /* SceneDelegate.swift */; };
		B472D58A27566C7E00C3B39A /* ViewController.swift in Sources */ = {isa = PBXBuildFile; fileRef = B472D58927566C7E00C3B39A /* ViewController.swift */; };
		B472D58D27566C7E00C3B39A /* Main.storyboard in Resources */ = {isa = PBXBuildFile; fileRef = B472D58B27566C7E00C3B39A /* Main.storyboard */; };
		B472D58F27566C7F00C3B39A /* Assets.xcassets in Resources */ = {isa = PBXBuildFile; fileRef = B472D58E27566C7F00C3B39A /* Assets.xcassets */; };
		B472D59227566C7F00C3B39A /* LaunchScreen.storyboard in Resources */ = {isa = PBXBuildFile; fileRef = B472D59027566C7F00C3B39A /* LaunchScreen.storyboard */; };
		B472D59A275677A000C3B39A /* CarbonViewCell.swift in Sources */ = {isa = PBXBuildFile; fileRef = B472D599275677A000C3B39A /* CarbonViewCell.swift */; };
		B472D59E27580B6E00C3B39A /* PageModel.swift in Sources */ = {isa = PBXBuildFile; fileRef = B472D59D27580B6E00C3B39A /* PageModel.swift */; };
/* End PBXBuildFile section */

/* Begin PBXFileReference section */
		B4524E4E275A497000012E3E /* CreateAccountViewController.swift */ = {isa = PBXFileReference; lastKnownFileType = sourcecode.swift; path = CreateAccountViewController.swift; sourceTree = "<group>"; };
		B4524E50275BA0AD00012E3E /* PersonalDetailsViewController.swift */ = {isa = PBXFileReference; lastKnownFileType = sourcecode.swift; path = PersonalDetailsViewController.swift; sourceTree = "<group>"; };
		B4524E53275CB17B00012E3E /* SignInViewController.swift */ = {isa = PBXFileReference; lastKnownFileType = sourcecode.swift; path = SignInViewController.swift; sourceTree = "<group>"; };
		B4524E5B275F5A5500012E3E /* Extensions.swift */ = {isa = PBXFileReference; lastKnownFileType = sourcecode.swift; path = Extensions.swift; sourceTree = "<group>"; };
		B4524E5E275FEDDC00012E3E /* PickerView.swift */ = {isa = PBXFileReference; lastKnownFileType = sourcecode.swift; path = PickerView.swift; sourceTree = "<group>"; };
		B472D58227566C7E00C3B39A /* CarbonUI.app */ = {isa = PBXFileReference; explicitFileType = wrapper.application; includeInIndex = 0; path = CarbonUI.app; sourceTree = BUILT_PRODUCTS_DIR; };
		B472D58527566C7E00C3B39A /* AppDelegate.swift */ = {isa = PBXFileReference; lastKnownFileType = sourcecode.swift; path = AppDelegate.swift; sourceTree = "<group>"; };
		B472D58727566C7E00C3B39A /* SceneDelegate.swift */ = {isa = PBXFileReference; lastKnownFileType = sourcecode.swift; path = SceneDelegate.swift; sourceTree = "<group>"; };
		B472D58927566C7E00C3B39A /* ViewController.swift */ = {isa = PBXFileReference; lastKnownFileType = sourcecode.swift; path = ViewController.swift; sourceTree = "<group>"; };
		B472D58C27566C7E00C3B39A /* Base */ = {isa = PBXFileReference; lastKnownFileType = file.storyboard; name = Base; path = Base.lproj/Main.storyboard; sourceTree = "<group>"; };
		B472D58E27566C7F00C3B39A /* Assets.xcassets */ = {isa = PBXFileReference; lastKnownFileType = folder.assetcatalog; path = Assets.xcassets; sourceTree = "<group>"; };
		B472D59127566C7F00C3B39A /* Base */ = {isa = PBXFileReference; lastKnownFileType = file.storyboard; name = Base; path = Base.lproj/LaunchScreen.storyboard; sourceTree = "<group>"; };
		B472D59327566C7F00C3B39A /* Info.plist */ = {isa = PBXFileReference; lastKnownFileType = text.plist.xml; path = Info.plist; sourceTree = "<group>"; };
		B472D599275677A000C3B39A /* CarbonViewCell.swift */ = {isa = PBXFileReference; lastKnownFileType = sourcecode.swift; path = CarbonViewCell.swift; sourceTree = "<group>"; };
		B472D59D27580B6E00C3B39A /* PageModel.swift */ = {isa = PBXFileReference; lastKnownFileType = sourcecode.swift; path = PageModel.swift; sourceTree = "<group>"; };
/* End PBXFileReference section */

/* Begin PBXFrameworksBuildPhase section */
		B472D57F27566C7E00C3B39A /* Frameworks */ = {
			isa = PBXFrameworksBuildPhase;
			buildActionMask = 2147483647;
			files = (
			);
			runOnlyForDeploymentPostprocessing = 0;
		};
/* End PBXFrameworksBuildPhase section */

/* Begin PBXGroup section */
		B4524E4D275A492800012E3E /* Controller */ = {
			isa = PBXGroup;
			children = (
				B4524E4E275A497000012E3E /* CreateAccountViewController.swift */,
				B4524E50275BA0AD00012E3E /* PersonalDetailsViewController.swift */,
				B472D58927566C7E00C3B39A /* ViewController.swift */,
				B4524E53275CB17B00012E3E /* SignInViewController.swift */,
			);
			path = Controller;
			sourceTree = "<group>";
		};
		B4524E52275CB15A00012E3E /* Pages */ = {
			isa = PBXGroup;
			children = (
			);
			path = Pages;
			sourceTree = "<group>";
		};
		B4524E5A275F5A3D00012E3E /* Extensions */ = {
			isa = PBXGroup;
			children = (
				B4524E5B275F5A5500012E3E /* Extensions.swift */,
			);
			path = Extensions;
			sourceTree = "<group>";
		};
		B4524E5D275FEDB300012E3E /* Helper */ = {
			isa = PBXGroup;
			children = (
				B4524E5E275FEDDC00012E3E /* PickerView.swift */,
			);
			path = Helper;
			sourceTree = "<group>";
		};
		B472D57927566C7E00C3B39A = {
			isa = PBXGroup;
			children = (
				B472D58427566C7E00C3B39A /* CarbonUI */,
				B472D58327566C7E00C3B39A /* Products */,
			);
			sourceTree = "<group>";
		};
		B472D58327566C7E00C3B39A /* Products */ = {
			isa = PBXGroup;
			children = (
				B472D58227566C7E00C3B39A /* CarbonUI.app */,
			);
			name = Products;
			sourceTree = "<group>";
		};
		B472D58427566C7E00C3B39A /* CarbonUI */ = {
			isa = PBXGroup;
			children = (
				B4524E5D275FEDB300012E3E /* Helper */,
				B4524E5A275F5A3D00012E3E /* Extensions */,
				B4524E52275CB15A00012E3E /* Pages */,
				B4524E4D275A492800012E3E /* Controller */,
				B472D59F27580B7D00C3B39A /* Model */,
				B472D59B275677AD00C3B39A /* APP */,
				B472D599275677A000C3B39A /* CarbonViewCell.swift */,
				B472D59C2756797D00C3B39A /* Resources */,
				B472D59327566C7F00C3B39A /* Info.plist */,
			);
			path = CarbonUI;
			sourceTree = "<group>";
		};
		B472D59B275677AD00C3B39A /* APP */ = {
			isa = PBXGroup;
			children = (
				B472D58527566C7E00C3B39A /* AppDelegate.swift */,
				B472D58727566C7E00C3B39A /* SceneDelegate.swift */,
			);
			path = APP;
			sourceTree = "<group>";
		};
		B472D59C2756797D00C3B39A /* Resources */ = {
			isa = PBXGroup;
			children = (
				B472D59027566C7F00C3B39A /* LaunchScreen.storyboard */,
				B472D58E27566C7F00C3B39A /* Assets.xcassets */,
				B472D58B27566C7E00C3B39A /* Main.storyboard */,
			);
			path = Resources;
			sourceTree = "<group>";
		};
		B472D59F27580B7D00C3B39A /* Model */ = {
			isa = PBXGroup;
			children = (
				B472D59D27580B6E00C3B39A /* PageModel.swift */,
			);
			path = Model;
			sourceTree = "<group>";
		};
/* End PBXGroup section */

/* Begin PBXNativeTarget section */
		B472D58127566C7E00C3B39A /* CarbonUI */ = {
			isa = PBXNativeTarget;
			buildConfigurationList = B472D59627566C7F00C3B39A /* Build configuration list for PBXNativeTarget "CarbonUI" */;
			buildPhases = (
				B472D57E27566C7E00C3B39A /* Sources */,
				B472D57F27566C7E00C3B39A /* Frameworks */,
				B472D58027566C7E00C3B39A /* Resources */,
			);
			buildRules = (
			);
			dependencies = (
			);
			name = CarbonUI;
			productName = CarbonUI;
			productReference = B472D58227566C7E00C3B39A /* CarbonUI.app */;
			productType = "com.apple.product-type.application";
		};
/* End PBXNativeTarget section */

/* Begin PBXProject section */
		B472D57A27566C7E00C3B39A /* Project object */ = {
			isa = PBXProject;
			attributes = {
				BuildIndependentTargetsInParallel = 1;
				LastSwiftUpdateCheck = 1300;
				LastUpgradeCheck = 1300;
				TargetAttributes = {
					B472D58127566C7E00C3B39A = {
						CreatedOnToolsVersion = 13.0;
					};
				};
			};
			buildConfigurationList = B472D57D27566C7E00C3B39A /* Build configuration list for PBXProject "CarbonUI" */;
			compatibilityVersion = "Xcode 13.0";
			developmentRegion = en;
			hasScannedForEncodings = 0;
			knownRegions = (
				en,
				Base,
			);
			mainGroup = B472D57927566C7E00C3B39A;
			productRefGroup = B472D58327566C7E00C3B39A /* Products */;
			projectDirPath = "";
			projectRoot = "";
			targets = (
				B472D58127566C7E00C3B39A /* CarbonUI */,
			);
		};
/* End PBXProject section */

/* Begin PBXResourcesBuildPhase section */
		B472D58027566C7E00C3B39A /* Resources */ = {
			isa = PBXResourcesBuildPhase;
			buildActionMask = 2147483647;
			files = (
				B472D59227566C7F00C3B39A /* LaunchScreen.storyboard in Resources */,
				B472D58F27566C7F00C3B39A /* Assets.xcassets in Resources */,
				B472D58D27566C7E00C3B39A /* Main.storyboard in Resources */,
			);
			runOnlyForDeploymentPostprocessing = 0;
		};
/* End PBXResourcesBuildPhase section */

/* Begin PBXSourcesBuildPhase section */
		B472D57E27566C7E00C3B39A /* Sources */ = {
			isa = PBXSourcesBuildPhase;
			buildActionMask = 2147483647;
			files = (
				B4524E4F275A497000012E3E /* CreateAccountViewController.swift in Sources */,
				B4524E5C275F5A5500012E3E /* Extensions.swift in Sources */,
				B472D58A27566C7E00C3B39A /* ViewController.swift in Sources */,
				B472D59E27580B6E00C3B39A /* PageModel.swift in Sources */,
				B472D58627566C7E00C3B39A /* AppDelegate.swift in Sources */,
				B4524E54275CB17B00012E3E /* SignInViewController.swift in Sources */,
				B4524E51275BA0AD00012E3E /* PersonalDetailsViewController.swift in Sources */,
				B472D58827566C7E00C3B39A /* SceneDelegate.swift in Sources */,
				B4524E5F275FEDDC00012E3E /* PickerView.swift in Sources */,
				B472D59A275677A000C3B39A /* CarbonViewCell.swift in Sources */,
			);
			runOnlyForDeploymentPostprocessing = 0;
		};
/* End PBXSourcesBuildPhase section */

/* Begin PBXVariantGroup section */
		B472D58B27566C7E00C3B39A /* Main.storyboard */ = {
			isa = PBXVariantGroup;
			children = (
				B472D58C27566C7E00C3B39A /* Base */,
			);
			name = Main.storyboard;
			sourceTree = "<group>";
		};
		B472D59027566C7F00C3B39A /* LaunchScreen.storyboard */ = {
			isa = PBXVariantGroup;
			children = (
				B472D59127566C7F00C3B39A /* Base */,
			);
			name = LaunchScreen.storyboard;
			sourceTree = "<group>";
		};
/* End PBXVariantGroup section */

/* Begin XCBuildConfiguration section */
		B472D59427566C7F00C3B39A /* Debug */ = {
			isa = XCBuildConfiguration;
			buildSettings = {
				ALWAYS_SEARCH_USER_PATHS = NO;
				CLANG_ANALYZER_NONNULL = YES;
				CLANG_ANALYZER_NUMBER_OBJECT_CONVERSION = YES_AGGRESSIVE;
				CLANG_CXX_LANGUAGE_STANDARD = "gnu++17";
				CLANG_CXX_LIBRARY = "libc++";
				CLANG_ENABLE_MODULES = YES;
				CLANG_ENABLE_OBJC_ARC = YES;
				CLANG_ENABLE_OBJC_WEAK = YES;
				CLANG_WARN_BLOCK_CAPTURE_AUTORELEASING = YES;
				CLANG_WARN_BOOL_CONVERSION = YES;
				CLANG_WARN_COMMA = YES;
				CLANG_WARN_CONSTANT_CONVERSION = YES;
				CLANG_WARN_DEPRECATED_OBJC_IMPLEMENTATIONS = YES;
				CLANG_WARN_DIRECT_OBJC_ISA_USAGE = YES_ERROR;
				CLANG_WARN_DOCUMENTATION_COMMENTS = YES;
				CLANG_WARN_EMPTY_BODY = YES;
				CLANG_WARN_ENUM_CONVERSION = YES;
				CLANG_WARN_INFINITE_RECURSION = YES;
				CLANG_WARN_INT_CONVERSION = YES;
				CLANG_WARN_NON_LITERAL_NULL_CONVERSION = YES;
				CLANG_WARN_OBJC_IMPLICIT_RETAIN_SELF = YES;
				CLANG_WARN_OBJC_LITERAL_CONVERSION = YES;
				CLANG_WARN_OBJC_ROOT_CLASS = YES_ERROR;
				CLANG_WARN_QUOTED_INCLUDE_IN_FRAMEWORK_HEADER = YES;
				CLANG_WARN_RANGE_LOOP_ANALYSIS = YES;
				CLANG_WARN_STRICT_PROTOTYPES = YES;
				CLANG_WARN_SUSPICIOUS_MOVE = YES;
				CLANG_WARN_UNGUARDED_AVAILABILITY = YES_AGGRESSIVE;
				CLANG_WARN_UNREACHABLE_CODE = YES;
				CLANG_WARN__DUPLICATE_METHOD_MATCH = YES;
				COPY_PHASE_STRIP = NO;
				DEBUG_INFORMATION_FORMAT = dwarf;
				ENABLE_STRICT_OBJC_MSGSEND = YES;
				ENABLE_TESTABILITY = YES;
				GCC_C_LANGUAGE_STANDARD = gnu11;
				GCC_DYNAMIC_NO_PIC = NO;
				GCC_NO_COMMON_BLOCKS = YES;
				GCC_OPTIMIZATION_LEVEL = 0;
				GCC_PREPROCESSOR_DEFINITIONS = (
					"DEBUG=1",
					"$(inherited)",
				);
				GCC_WARN_64_TO_32_BIT_CONVERSION = YES;
				GCC_WARN_ABOUT_RETURN_TYPE = YES_ERROR;
				GCC_WARN_UNDECLARED_SELECTOR = YES;
				GCC_WARN_UNINITIALIZED_AUTOS = YES_AGGRESSIVE;
				GCC_WARN_UNUSED_FUNCTION = YES;
				GCC_WARN_UNUSED_VARIABLE = YES;
				IPHONEOS_DEPLOYMENT_TARGET = 15.0;
				MTL_ENABLE_DEBUG_INFO = INCLUDE_SOURCE;
				MTL_FAST_MATH = YES;
				ONLY_ACTIVE_ARCH = YES;
				SDKROOT = iphoneos;
				SWIFT_ACTIVE_COMPILATION_CONDITIONS = DEBUG;
				SWIFT_OPTIMIZATION_LEVEL = "-Onone";
			};
			name = Debug;
		};
		B472D59527566C7F00C3B39A /* Release */ = {
			isa = XCBuildConfiguration;
			buildSettings = {
				ALWAYS_SEARCH_USER_PATHS = NO;
				CLANG_ANALYZER_NONNULL = YES;
				CLANG_ANALYZER_NUMBER_OBJECT_CONVERSION = YES_AGGRESSIVE;
				CLANG_CXX_LANGUAGE_STANDARD = "gnu++17";
				CLANG_CXX_LIBRARY = "libc++";
				CLANG_ENABLE_MODULES = YES;
				CLANG_ENABLE_OBJC_ARC = YES;
				CLANG_ENABLE_OBJC_WEAK = YES;
				CLANG_WARN_BLOCK_CAPTURE_AUTORELEASING = YES;
				CLANG_WARN_BOOL_CONVERSION = YES;
				CLANG_WARN_COMMA = YES;
				CLANG_WARN_CONSTANT_CONVERSION = YES;
				CLANG_WARN_DEPRECATED_OBJC_IMPLEMENTATIONS = YES;
				CLANG_WARN_DIRECT_OBJC_ISA_USAGE = YES_ERROR;
				CLANG_WARN_DOCUMENTATION_COMMENTS = YES;
				CLANG_WARN_EMPTY_BODY = YES;
				CLANG_WARN_ENUM_CONVERSION = YES;
				CLANG_WARN_INFINITE_RECURSION = YES;
				CLANG_WARN_INT_CONVERSION = YES;
				CLANG_WARN_NON_LITERAL_NULL_CONVERSION = YES;
				CLANG_WARN_OBJC_IMPLICIT_RETAIN_SELF = YES;
				CLANG_WARN_OBJC_LITERAL_CONVERSION = YES;
				CLANG_WARN_OBJC_ROOT_CLASS = YES_ERROR;
				CLANG_WARN_QUOTED_INCLUDE_IN_FRAMEWORK_HEADER = YES;
				CLANG_WARN_RANGE_LOOP_ANALYSIS = YES;
				CLANG_WARN_STRICT_PROTOTYPES = YES;
				CLANG_WARN_SUSPICIOUS_MOVE = YES;
				CLANG_WARN_UNGUARDED_AVAILABILITY = YES_AGGRESSIVE;
				CLANG_WARN_UNREACHABLE_CODE = YES;
				CLANG_WARN__DUPLICATE_METHOD_MATCH = YES;
				COPY_PHASE_STRIP = NO;
				DEBUG_INFORMATION_FORMAT = "dwarf-with-dsym";
				ENABLE_NS_ASSERTIONS = NO;
				ENABLE_STRICT_OBJC_MSGSEND = YES;
				GCC_C_LANGUAGE_STANDARD = gnu11;
				GCC_NO_COMMON_BLOCKS = YES;
				GCC_WARN_64_TO_32_BIT_CONVERSION = YES;
				GCC_WARN_ABOUT_RETURN_TYPE = YES_ERROR;
				GCC_WARN_UNDECLARED_SELECTOR = YES;
				GCC_WARN_UNINITIALIZED_AUTOS = YES_AGGRESSIVE;
				GCC_WARN_UNUSED_FUNCTION = YES;
				GCC_WARN_UNUSED_VARIABLE = YES;
				IPHONEOS_DEPLOYMENT_TARGET = 15.0;
				MTL_ENABLE_DEBUG_INFO = NO;
				MTL_FAST_MATH = YES;
				SDKROOT = iphoneos;
				SWIFT_COMPILATION_MODE = wholemodule;
				SWIFT_OPTIMIZATION_LEVEL = "-O";
				VALIDATE_PRODUCT = YES;
			};
			name = Release;
		};
		B472D59727566C7F00C3B39A /* Debug */ = {
			isa = XCBuildConfiguration;
			buildSettings = {
				ASSETCATALOG_COMPILER_APPICON_NAME = AppIcon;
				ASSETCATALOG_COMPILER_GLOBAL_ACCENT_COLOR_NAME = AccentColor;
				CODE_SIGN_STYLE = Automatic;
				CURRENT_PROJECT_VERSION = 1;
				GENERATE_INFOPLIST_FILE = YES;
				INFOPLIST_FILE = CarbonUI/Info.plist;
				INFOPLIST_KEY_UIApplicationSupportsIndirectInputEvents = YES;
				INFOPLIST_KEY_UILaunchStoryboardName = LaunchScreen;
				INFOPLIST_KEY_UIMainStoryboardFile = Main;
				INFOPLIST_KEY_UISupportedInterfaceOrientations = "";
				INFOPLIST_KEY_UISupportedInterfaceOrientations_iPad = "UIInterfaceOrientationPortrait UIInterfaceOrientationPortraitUpsideDown UIInterfaceOrientationLandscapeLeft UIInterfaceOrientationLandscapeRight";
				INFOPLIST_KEY_UISupportedInterfaceOrientations_iPhone = "UIInterfaceOrientationPortrait UIInterfaceOrientationLandscapeLeft UIInterfaceOrientationLandscapeRight";
				LD_RUNPATH_SEARCH_PATHS = (
					"$(inherited)",
					"@executable_path/Frameworks",
				);
				MARKETING_VERSION = 1.0;
				PRODUCT_BUNDLE_IDENTIFIER = sam.CarbonUI;
				PRODUCT_NAME = "$(TARGET_NAME)";
				SWIFT_EMIT_LOC_STRINGS = YES;
				SWIFT_VERSION = 5.0;
				TARGETED_DEVICE_FAMILY = "1,2";
			};
			name = Debug;
		};
		B472D59827566C7F00C3B39A /* Release */ = {
			isa = XCBuildConfiguration;
			buildSettings = {
				ASSETCATALOG_COMPILER_APPICON_NAME = AppIcon;
				ASSETCATALOG_COMPILER_GLOBAL_ACCENT_COLOR_NAME = AccentColor;
				CODE_SIGN_STYLE = Automatic;
				CURRENT_PROJECT_VERSION = 1;
				GENERATE_INFOPLIST_FILE = YES;
				INFOPLIST_FILE = CarbonUI/Info.plist;
				INFOPLIST_KEY_UIApplicationSupportsIndirectInputEvents = YES;
				INFOPLIST_KEY_UILaunchStoryboardName = LaunchScreen;
				INFOPLIST_KEY_UIMainStoryboardFile = Main;
				INFOPLIST_KEY_UISupportedInterfaceOrientations = "";
				INFOPLIST_KEY_UISupportedInterfaceOrientations_iPad = "UIInterfaceOrientationPortrait UIInterfaceOrientationPortraitUpsideDown UIInterfaceOrientationLandscapeLeft UIInterfaceOrientationLandscapeRight";
				INFOPLIST_KEY_UISupportedInterfaceOrientations_iPhone = "UIInterfaceOrientationPortrait UIInterfaceOrientationLandscapeLeft UIInterfaceOrientationLandscapeRight";
				LD_RUNPATH_SEARCH_PATHS = (
					"$(inherited)",
					"@executable_path/Frameworks",
				);
				MARKETING_VERSION = 1.0;
				PRODUCT_BUNDLE_IDENTIFIER = sam.CarbonUI;
				PRODUCT_NAME = "$(TARGET_NAME)";
				SWIFT_EMIT_LOC_STRINGS = YES;
				SWIFT_VERSION = 5.0;
				TARGETED_DEVICE_FAMILY = "1,2";
			};
			name = Release;
		};
/* End XCBuildConfiguration section */

/* Begin XCConfigurationList section */
		B472D57D27566C7E00C3B39A /* Build configuration list for PBXProject "CarbonUI" */ = {
			isa = XCConfigurationList;
			buildConfigurations = (
				B472D59427566C7F00C3B39A /* Debug */,
				B472D59527566C7F00C3B39A /* Release */,
			);
			defaultConfigurationIsVisible = 0;
			defaultConfigurationName = Release;
		};
		B472D59627566C7F00C3B39A /* Build configuration list for PBXNativeTarget "CarbonUI" */ = {
			isa = XCConfigurationList;
			buildConfigurations = (
				B472D59727566C7F00C3B39A /* Debug */,
				B472D59827566C7F00C3B39A /* Release */,
			);
			defaultConfigurationIsVisible = 0;
			defaultConfigurationName = Release;
		};
/* End XCConfigurationList section */
	};
	rootObject = B472D57A27566C7E00C3B39A /* Project object */;
}
